// !$*UTF8*$!
{
	archiveVersion = 1;
	classes = {
	};
	objectVersion = 46;
	objects = {

/* Begin PBXBuildFile section */
		2C1AD0F21F1C9FA000C7C994 /* TTRateKit.swift in Sources */ = {isa = PBXBuildFile; fileRef = 2C1AD0F11F1C9FA000C7C994 /* TTRateKit.swift */; };
		2C1AD0F41F1CA6AA00C7C994 /* Rate.strings in Resources */ = {isa = PBXBuildFile; fileRef = 2C1AD0F31F1CA6AA00C7C994 /* Rate.strings */; };
		2C1AD0F71F1CC0E700C7C994 /* MNLocalWebViewController.swift in Sources */ = {isa = PBXBuildFile; fileRef = 2C1AD0F51F1CC0E700C7C994 /* MNLocalWebViewController.swift */; };
		2C1AD0F81F1CC0E700C7C994 /* MNLocalWebViewController.xib in Resources */ = {isa = PBXBuildFile; fileRef = 2C1AD0F61F1CC0E700C7C994 /* MNLocalWebViewController.xib */; };
		2C1AD0FB1F1CC95700C7C994 /* eula.html in Resources */ = {isa = PBXBuildFile; fileRef = 2C1AD0F91F1CC95700C7C994 /* eula.html */; };
		2C1AD0FC1F1CC95700C7C994 /* privacy.html in Resources */ = {isa = PBXBuildFile; fileRef = 2C1AD0FA1F1CC95700C7C994 /* privacy.html */; };
		2C3F0A011F132B1200CCB177 /* crackling_fire_sound.mp3 in Resources */ = {isa = PBXBuildFile; fileRef = 2C3F09FB1F132B1200CCB177 /* crackling_fire_sound.mp3 */; };
		2C3F0A021F132B1200CCB177 /* distantthunder.mp3 in Resources */ = {isa = PBXBuildFile; fileRef = 2C3F09FC1F132B1200CCB177 /* distantthunder.mp3 */; };
		2C3F0A031F132B1200CCB177 /* fairypond.mp3 in Resources */ = {isa = PBXBuildFile; fileRef = 2C3F09FD1F132B1200CCB177 /* fairypond.mp3 */; };
		2C3F0A041F132B1200CCB177 /* skywalker.mp3 in Resources */ = {isa = PBXBuildFile; fileRef = 2C3F09FE1F132B1200CCB177 /* skywalker.mp3 */; };
		2C3F0A051F132B1200CCB177 /* tropicalrain.mp3 in Resources */ = {isa = PBXBuildFile; fileRef = 2C3F09FF1F132B1200CCB177 /* tropicalrain.mp3 */; };
		2C3F0A061F132B1200CCB177 /* whiterain.mp3 in Resources */ = {isa = PBXBuildFile; fileRef = 2C3F0A001F132B1200CCB177 /* whiterain.mp3 */; };
		2C3F0A0D1F132B2800CCB177 /* crackling_fire_sound.jpg in Resources */ = {isa = PBXBuildFile; fileRef = 2C3F0A071F132B2800CCB177 /* crackling_fire_sound.jpg */; };
		2C3F0A0E1F132B2800CCB177 /* distantthunder.jpg in Resources */ = {isa = PBXBuildFile; fileRef = 2C3F0A081F132B2800CCB177 /* distantthunder.jpg */; };
		2C3F0A0F1F132B2800CCB177 /* fairypond.jpg in Resources */ = {isa = PBXBuildFile; fileRef = 2C3F0A091F132B2800CCB177 /* fairypond.jpg */; };
		2C3F0A101F132B2800CCB177 /* skywalker.jpg in Resources */ = {isa = PBXBuildFile; fileRef = 2C3F0A0A1F132B2800CCB177 /* skywalker.jpg */; };
		2C3F0A111F132B2800CCB177 /* tropicalrain.jpg in Resources */ = {isa = PBXBuildFile; fileRef = 2C3F0A0B1F132B2800CCB177 /* tropicalrain.jpg */; };
		2C3F0A121F132B2800CCB177 /* whiterain.jpg in Resources */ = {isa = PBXBuildFile; fileRef = 2C3F0A0C1F132B2800CCB177 /* whiterain.jpg */; };
		2C3F0A141F134F4C00CCB177 /* MNMineViewController.xib in Resources */ = {isa = PBXBuildFile; fileRef = 2C3F0A131F134F4C00CCB177 /* MNMineViewController.xib */; };
		2C3F0A161F1356AD00CCB177 /* MNCalendarTableViewCell.xib in Resources */ = {isa = PBXBuildFile; fileRef = 2C3F0A151F1356AD00CCB177 /* MNCalendarTableViewCell.xib */; };
		2C3F0A181F1356E500CCB177 /* MNStaticsInfoTableViewCell.xib in Resources */ = {isa = PBXBuildFile; fileRef = 2C3F0A171F1356E500CCB177 /* MNStaticsInfoTableViewCell.xib */; };
		2C4CC2B21F15E70A00FED7A7 /* MNTimer.m in Sources */ = {isa = PBXBuildFile; fileRef = 2C4CC2B11F15E70A00FED7A7 /* MNTimer.m */; };
		2C4CC2B51F15F14A00FED7A7 /* MNTimerViewController.m in Sources */ = {isa = PBXBuildFile; fileRef = 2C4CC2B41F15F14A00FED7A7 /* MNTimerViewController.m */; };
		2C4CC2B71F16059300FED7A7 /* MNAnimationViewController.xib in Resources */ = {isa = PBXBuildFile; fileRef = 2C4CC2B61F16059300FED7A7 /* MNAnimationViewController.xib */; };
		2C57AC721F146DA000C080A1 /* MNShadowButton.swift in Sources */ = {isa = PBXBuildFile; fileRef = 2C57AC711F146DA000C080A1 /* MNShadowButton.swift */; };
		2C57AC741F14727B00C080A1 /* MNShadowLabel.swift in Sources */ = {isa = PBXBuildFile; fileRef = 2C57AC731F14727B00C080A1 /* MNShadowLabel.swift */; };
		2C57AC761F14742B00C080A1 /* MNGradientView.swift in Sources */ = {isa = PBXBuildFile; fileRef = 2C57AC751F14742B00C080A1 /* MNGradientView.swift */; };
		2C6280AD1F1D9BCE00EABBA3 /* MNBreathView.swift in Sources */ = {isa = PBXBuildFile; fileRef = 2C6280AC1F1D9BCE00EABBA3 /* MNBreathView.swift */; };
		2C6280B21F1E030500EABBA3 /* BreathEvent.swift in Sources */ = {isa = PBXBuildFile; fileRef = 2C6280B11F1E030500EABBA3 /* BreathEvent.swift */; };
		2C6280B41F1E0A1200EABBA3 /* EventsManager.swift in Sources */ = {isa = PBXBuildFile; fileRef = 2C6280B31F1E0A1200EABBA3 /* EventsManager.swift */; };
		2C663C511F1F4AE900F0E547 /* MeditationEvent.swift in Sources */ = {isa = PBXBuildFile; fileRef = 2C663C501F1F4AE900F0E547 /* MeditationEvent.swift */; };
		2C663C531F1F4B1500F0E547 /* BreathEventTable.swift in Sources */ = {isa = PBXBuildFile; fileRef = 2C663C521F1F4B1500F0E547 /* BreathEventTable.swift */; };
		2C663C551F1F741C00F0E547 /* MeditationEventTable.swift in Sources */ = {isa = PBXBuildFile; fileRef = 2C663C541F1F741C00F0E547 /* MeditationEventTable.swift */; };
		2C6A72F91F14C601006B9D6F /* MNTimerViewController.xib in Resources */ = {isa = PBXBuildFile; fileRef = 2C6A72F81F14C601006B9D6F /* MNTimerViewController.xib */; };
		2C6F51FF1F0F8BAA006D2387 /* MNTableViewController.xib in Resources */ = {isa = PBXBuildFile; fileRef = 2C6F51FE1F0F8BAA006D2387 /* MNTableViewController.xib */; };
		2C6F52011F0F8C13006D2387 /* MNSoundTrackCollectionViewCell.xib in Resources */ = {isa = PBXBuildFile; fileRef = 2C6F52001F0F8C13006D2387 /* MNSoundTrackCollectionViewCell.xib */; };
		2C9D41EA1F161A83005901CD /* MNBreathResultViewController.swift in Sources */ = {isa = PBXBuildFile; fileRef = 2C9D41E81F161A83005901CD /* MNBreathResultViewController.swift */; };
		2C9D41EB1F161A83005901CD /* MNBreathResultViewController.xib in Resources */ = {isa = PBXBuildFile; fileRef = 2C9D41E91F161A83005901CD /* MNBreathResultViewController.xib */; };
		2C9D41ED1F1623E1005901CD /* MNBaseViewController.swift in Sources */ = {isa = PBXBuildFile; fileRef = 2C9D41EC1F1623E1005901CD /* MNBaseViewController.swift */; };
		2CB0215D1F0F700800470AD3 /* MNRelaxPlayerViewController.xib in Resources */ = {isa = PBXBuildFile; fileRef = 2CB0215C1F0F700800470AD3 /* MNRelaxPlayerViewController.xib */; };
		2CB6164A1F0F8A0F00575747 /* MNNavigationController.swift in Sources */ = {isa = PBXBuildFile; fileRef = 2CB616491F0F8A0F00575747 /* MNNavigationController.swift */; };
		2CE447F51F14BBDE007AD3CD /* MNCountDownView.swift in Sources */ = {isa = PBXBuildFile; fileRef = 2CE447F41F14BBDE007AD3CD /* MNCountDownView.swift */; };
		2CE447F71F14BE72007AD3CD /* MNBreathViewController.xib in Resources */ = {isa = PBXBuildFile; fileRef = 2CE447F61F14BE72007AD3CD /* MNBreathViewController.xib */; };
		659D868629E656A5440F44EB /* Pods_mNoisi.framework in Frameworks */ = {isa = PBXBuildFile; fileRef = 061546CF2EB2617C79F9CBD2 /* Pods_mNoisi.framework */; };
		BAEEF2DE1F1A47BD00EADAF6 /* _BaseViewController.m in Sources */ = {isa = PBXBuildFile; fileRef = BAEEF2DD1F1A47BD00EADAF6 /* _BaseViewController.m */; };
		BAEEF2E11F1A482A00EADAF6 /* MNMeditationViewController.m in Sources */ = {isa = PBXBuildFile; fileRef = BAEEF2E01F1A482A00EADAF6 /* MNMeditationViewController.m */; };
		BAEEF2E31F1A55DC00EADAF6 /* MNMeditationViewController.xib in Resources */ = {isa = PBXBuildFile; fileRef = BAEEF2E21F1A55DC00EADAF6 /* MNMeditationViewController.xib */; };
		BAEEF2E51F1A57F000EADAF6 /* Localizable.strings in Resources */ = {isa = PBXBuildFile; fileRef = BAEEF2E41F1A57F000EADAF6 /* Localizable.strings */; };
		BAEEF2F61F1A64CB00EADAF6 /* MNMeditationStartViewController.swift in Sources */ = {isa = PBXBuildFile; fileRef = BAEEF2F41F1A64CB00EADAF6 /* MNMeditationStartViewController.swift */; };
		BAEEF2F71F1A64CB00EADAF6 /* MNMeditationStartViewController.xib in Resources */ = {isa = PBXBuildFile; fileRef = BAEEF2F51F1A64CB00EADAF6 /* MNMeditationStartViewController.xib */; };
		F709DCA11EF54CB10016C409 /* MNDefaults.swift in Sources */ = {isa = PBXBuildFile; fileRef = F709DCA01EF54CB10016C409 /* MNDefaults.swift */; };
		F70FB8981ECD94CF00E125F5 /* MNTableViewController.swift in Sources */ = {isa = PBXBuildFile; fileRef = F70FB8971ECD94CF00E125F5 /* MNTableViewController.swift */; };
		F71D75341F17BD04004161D9 /* MBProgressHUD.m in Sources */ = {isa = PBXBuildFile; fileRef = F71D75331F17BD04004161D9 /* MBProgressHUD.m */; };
		F7442F451ED7130A008FFF3D /* MNAnimationViewController.swift in Sources */ = {isa = PBXBuildFile; fileRef = F7442F441ED7130A008FFF3D /* MNAnimationViewController.swift */; };
		F7442F491EDB82E9008FFF3D /* MNButton.swift in Sources */ = {isa = PBXBuildFile; fileRef = F7442F481EDB82E9008FFF3D /* MNButton.swift */; };
		F74E4F391ED15C3300CFCDD5 /* MNTrackCollectionViewCell.swift in Sources */ = {isa = PBXBuildFile; fileRef = F74E4F381ED15C3300CFCDD5 /* MNTrackCollectionViewCell.swift */; };
		F75DC30C1EDE21AB001E5547 /* MNActivityRecords.swift in Sources */ = {isa = PBXBuildFile; fileRef = F75DC30B1EDE21AB001E5547 /* MNActivityRecords.swift */; };
		F762B9CB1ED63E7B002C2FB0 /* MNBreathViewController.swift in Sources */ = {isa = PBXBuildFile; fileRef = F762B9CA1ED63E7B002C2FB0 /* MNBreathViewController.swift */; };
		F78722D81ECDE1BB00A60FB1 /* MNSoundTrackCollectionViewCell.swift in Sources */ = {isa = PBXBuildFile; fileRef = F78722D71ECDE1BB00A60FB1 /* MNSoundTrackCollectionViewCell.swift */; };
		F78722DA1ECFD7F400A60FB1 /* MNMineViewController.swift in Sources */ = {isa = PBXBuildFile; fileRef = F78722D91ECFD7F400A60FB1 /* MNMineViewController.swift */; };
		F78B60D51ED4FB2800D5468F /* MNSwitchTableViewCell.swift in Sources */ = {isa = PBXBuildFile; fileRef = F78B60D41ED4FB2800D5468F /* MNSwitchTableViewCell.swift */; };
		F78B60D71ED4FB9000D5468F /* MNTextTableViewCell.swift in Sources */ = {isa = PBXBuildFile; fileRef = F78B60D61ED4FB9000D5468F /* MNTextTableViewCell.swift */; };
		F78B60D91ED5BC3500D5468F /* MNTrack.swift in Sources */ = {isa = PBXBuildFile; fileRef = F78B60D81ED5BC3500D5468F /* MNTrack.swift */; };
		F7A133EC1ECFDF3B001F9124 /* MNCalendarTableViewCell.swift in Sources */ = {isa = PBXBuildFile; fileRef = F7A133EB1ECFDF3B001F9124 /* MNCalendarTableViewCell.swift */; };
		F7A133EE1ECFDFBC001F9124 /* MNStaticsInfoTableViewCell.swift in Sources */ = {isa = PBXBuildFile; fileRef = F7A133ED1ECFDFBC001F9124 /* MNStaticsInfoTableViewCell.swift */; };
		F7B553A41EC8FE67005CC15A /* MNRelaxPlayerViewController.swift in Sources */ = {isa = PBXBuildFile; fileRef = F7B553A31EC8FE67005CC15A /* MNRelaxPlayerViewController.swift */; };
		F7BD9DEC1F10796100DD6932 /* FSCalendar.m in Sources */ = {isa = PBXBuildFile; fileRef = F7BD9DCD1F10796100DD6932 /* FSCalendar.m */; };
		F7BD9DED1F10796200DD6932 /* FSCalendar+Deprecated.m in Sources */ = {isa = PBXBuildFile; fileRef = F7BD9DCE1F10796100DD6932 /* FSCalendar+Deprecated.m */; };
		F7BD9DEE1F10796200DD6932 /* FSCalendarAppearance.m in Sources */ = {isa = PBXBuildFile; fileRef = F7BD9DD01F10796100DD6932 /* FSCalendarAppearance.m */; };
		F7BD9DEF1F10796200DD6932 /* FSCalendarCalculator.m in Sources */ = {isa = PBXBuildFile; fileRef = F7BD9DD21F10796100DD6932 /* FSCalendarCalculator.m */; };
		F7BD9DF01F10796200DD6932 /* FSCalendarCell.m in Sources */ = {isa = PBXBuildFile; fileRef = F7BD9DD41F10796100DD6932 /* FSCalendarCell.m */; };
		F7BD9DF11F10796200DD6932 /* FSCalendarCollectionView.m in Sources */ = {isa = PBXBuildFile; fileRef = F7BD9DD61F10796100DD6932 /* FSCalendarCollectionView.m */; };
		F7BD9DF21F10796200DD6932 /* FSCalendarCollectionViewLayout.m in Sources */ = {isa = PBXBuildFile; fileRef = F7BD9DD81F10796100DD6932 /* FSCalendarCollectionViewLayout.m */; };
		F7BD9DF31F10796200DD6932 /* FSCalendarConstants.m in Sources */ = {isa = PBXBuildFile; fileRef = F7BD9DDA1F10796100DD6932 /* FSCalendarConstants.m */; };
		F7BD9DF41F10796200DD6932 /* FSCalendarDelegationFactory.m in Sources */ = {isa = PBXBuildFile; fileRef = F7BD9DDC1F10796100DD6932 /* FSCalendarDelegationFactory.m */; };
		F7BD9DF51F10796200DD6932 /* FSCalendarDelegationProxy.m in Sources */ = {isa = PBXBuildFile; fileRef = F7BD9DDE1F10796100DD6932 /* FSCalendarDelegationProxy.m */; };
		F7BD9DF61F10796200DD6932 /* FSCalendarExtensions.m in Sources */ = {isa = PBXBuildFile; fileRef = F7BD9DE11F10796100DD6932 /* FSCalendarExtensions.m */; };
		F7BD9DF71F10796200DD6932 /* FSCalendarHeaderView.m in Sources */ = {isa = PBXBuildFile; fileRef = F7BD9DE31F10796100DD6932 /* FSCalendarHeaderView.m */; };
		F7BD9DF81F10796200DD6932 /* FSCalendarScopeHandle.m in Sources */ = {isa = PBXBuildFile; fileRef = F7BD9DE51F10796100DD6932 /* FSCalendarScopeHandle.m */; };
		F7BD9DF91F10796200DD6932 /* FSCalendarStickyHeader.m in Sources */ = {isa = PBXBuildFile; fileRef = F7BD9DE71F10796100DD6932 /* FSCalendarStickyHeader.m */; };
		F7BD9DFA1F10796200DD6932 /* FSCalendarTransitionCoordinator.m in Sources */ = {isa = PBXBuildFile; fileRef = F7BD9DE91F10796100DD6932 /* FSCalendarTransitionCoordinator.m */; };
		F7BD9DFB1F10796200DD6932 /* FSCalendarWeekdayView.m in Sources */ = {isa = PBXBuildFile; fileRef = F7BD9DEB1F10796100DD6932 /* FSCalendarWeekdayView.m */; };
		F7C991BB1EE8E9F300A60BC4 /* MNPlayer.swift in Sources */ = {isa = PBXBuildFile; fileRef = F7C991BA1EE8E9F300A60BC4 /* MNPlayer.swift */; };
		F7DE642B1F12724900079BA6 /* MNSegmentControl.swift in Sources */ = {isa = PBXBuildFile; fileRef = F7DE642A1F12724900079BA6 /* MNSegmentControl.swift */; };
		F7FB6ED31EC8F8DA0086E576 /* AppDelegate.swift in Sources */ = {isa = PBXBuildFile; fileRef = F7FB6ED21EC8F8DA0086E576 /* AppDelegate.swift */; };
		F7FB6EDA1EC8F8DA0086E576 /* Assets.xcassets in Resources */ = {isa = PBXBuildFile; fileRef = F7FB6ED91EC8F8DA0086E576 /* Assets.xcassets */; };
		F7FB6EDD1EC8F8DA0086E576 /* LaunchScreen.storyboard in Resources */ = {isa = PBXBuildFile; fileRef = F7FB6EDB1EC8F8DA0086E576 /* LaunchScreen.storyboard */; };
/* End PBXBuildFile section */

/* Begin PBXCopyFilesBuildPhase section */
		F7090FF21EE6943500B7A699 /* Embed App Extensions */ = {
			isa = PBXCopyFilesBuildPhase;
			buildActionMask = 2147483647;
			dstPath = "";
			dstSubfolderSpec = 13;
			files = (
			);
			name = "Embed App Extensions";
			runOnlyForDeploymentPostprocessing = 0;
		};
/* End PBXCopyFilesBuildPhase section */

/* Begin PBXFileReference section */
		061546CF2EB2617C79F9CBD2 /* Pods_mNoisi.framework */ = {isa = PBXFileReference; explicitFileType = wrapper.framework; includeInIndex = 0; path = Pods_mNoisi.framework; sourceTree = BUILT_PRODUCTS_DIR; };
		2C1AD0F11F1C9FA000C7C994 /* TTRateKit.swift */ = {isa = PBXFileReference; fileEncoding = 4; lastKnownFileType = sourcecode.swift; path = TTRateKit.swift; sourceTree = "<group>"; };
		2C1AD0F31F1CA6AA00C7C994 /* Rate.strings */ = {isa = PBXFileReference; fileEncoding = 4; lastKnownFileType = text.plist.strings; path = Rate.strings; sourceTree = "<group>"; };
		2C1AD0F51F1CC0E700C7C994 /* MNLocalWebViewController.swift */ = {isa = PBXFileReference; fileEncoding = 4; lastKnownFileType = sourcecode.swift; path = MNLocalWebViewController.swift; sourceTree = "<group>"; };
		2C1AD0F61F1CC0E700C7C994 /* MNLocalWebViewController.xib */ = {isa = PBXFileReference; fileEncoding = 4; lastKnownFileType = file.xib; path = MNLocalWebViewController.xib; sourceTree = "<group>"; };
		2C1AD0F91F1CC95700C7C994 /* eula.html */ = {isa = PBXFileReference; fileEncoding = 4; lastKnownFileType = text.html; path = eula.html; sourceTree = "<group>"; };
		2C1AD0FA1F1CC95700C7C994 /* privacy.html */ = {isa = PBXFileReference; fileEncoding = 4; lastKnownFileType = text.html; path = privacy.html; sourceTree = "<group>"; };
		2C3F09FB1F132B1200CCB177 /* crackling_fire_sound.mp3 */ = {isa = PBXFileReference; lastKnownFileType = audio.mp3; path = crackling_fire_sound.mp3; sourceTree = "<group>"; };
		2C3F09FC1F132B1200CCB177 /* distantthunder.mp3 */ = {isa = PBXFileReference; lastKnownFileType = audio.mp3; path = distantthunder.mp3; sourceTree = "<group>"; };
		2C3F09FD1F132B1200CCB177 /* fairypond.mp3 */ = {isa = PBXFileReference; lastKnownFileType = audio.mp3; path = fairypond.mp3; sourceTree = "<group>"; };
		2C3F09FE1F132B1200CCB177 /* skywalker.mp3 */ = {isa = PBXFileReference; lastKnownFileType = audio.mp3; path = skywalker.mp3; sourceTree = "<group>"; };
		2C3F09FF1F132B1200CCB177 /* tropicalrain.mp3 */ = {isa = PBXFileReference; lastKnownFileType = audio.mp3; path = tropicalrain.mp3; sourceTree = "<group>"; };
		2C3F0A001F132B1200CCB177 /* whiterain.mp3 */ = {isa = PBXFileReference; lastKnownFileType = audio.mp3; path = whiterain.mp3; sourceTree = "<group>"; };
		2C3F0A071F132B2800CCB177 /* crackling_fire_sound.jpg */ = {isa = PBXFileReference; lastKnownFileType = image.jpeg; path = crackling_fire_sound.jpg; sourceTree = "<group>"; };
		2C3F0A081F132B2800CCB177 /* distantthunder.jpg */ = {isa = PBXFileReference; lastKnownFileType = image.jpeg; path = distantthunder.jpg; sourceTree = "<group>"; };
		2C3F0A091F132B2800CCB177 /* fairypond.jpg */ = {isa = PBXFileReference; lastKnownFileType = image.jpeg; path = fairypond.jpg; sourceTree = "<group>"; };
		2C3F0A0A1F132B2800CCB177 /* skywalker.jpg */ = {isa = PBXFileReference; lastKnownFileType = image.jpeg; path = skywalker.jpg; sourceTree = "<group>"; };
		2C3F0A0B1F132B2800CCB177 /* tropicalrain.jpg */ = {isa = PBXFileReference; lastKnownFileType = image.jpeg; path = tropicalrain.jpg; sourceTree = "<group>"; };
		2C3F0A0C1F132B2800CCB177 /* whiterain.jpg */ = {isa = PBXFileReference; lastKnownFileType = image.jpeg; path = whiterain.jpg; sourceTree = "<group>"; };
		2C3F0A131F134F4C00CCB177 /* MNMineViewController.xib */ = {isa = PBXFileReference; fileEncoding = 4; lastKnownFileType = file.xib; path = MNMineViewController.xib; sourceTree = "<group>"; };
		2C3F0A151F1356AD00CCB177 /* MNCalendarTableViewCell.xib */ = {isa = PBXFileReference; fileEncoding = 4; lastKnownFileType = file.xib; path = MNCalendarTableViewCell.xib; sourceTree = "<group>"; };
		2C3F0A171F1356E500CCB177 /* MNStaticsInfoTableViewCell.xib */ = {isa = PBXFileReference; fileEncoding = 4; lastKnownFileType = file.xib; path = MNStaticsInfoTableViewCell.xib; sourceTree = "<group>"; };
		2C4CC2B01F15E70A00FED7A7 /* MNTimer.h */ = {isa = PBXFileReference; fileEncoding = 4; lastKnownFileType = sourcecode.c.h; path = MNTimer.h; sourceTree = "<group>"; };
		2C4CC2B11F15E70A00FED7A7 /* MNTimer.m */ = {isa = PBXFileReference; fileEncoding = 4; lastKnownFileType = sourcecode.c.objc; path = MNTimer.m; sourceTree = "<group>"; };
		2C4CC2B31F15F14A00FED7A7 /* MNTimerViewController.h */ = {isa = PBXFileReference; fileEncoding = 4; lastKnownFileType = sourcecode.c.h; path = MNTimerViewController.h; sourceTree = "<group>"; };
		2C4CC2B41F15F14A00FED7A7 /* MNTimerViewController.m */ = {isa = PBXFileReference; fileEncoding = 4; lastKnownFileType = sourcecode.c.objc; path = MNTimerViewController.m; sourceTree = "<group>"; };
		2C4CC2B61F16059300FED7A7 /* MNAnimationViewController.xib */ = {isa = PBXFileReference; fileEncoding = 4; lastKnownFileType = file.xib; path = MNAnimationViewController.xib; sourceTree = "<group>"; };
		2C57AC711F146DA000C080A1 /* MNShadowButton.swift */ = {isa = PBXFileReference; fileEncoding = 4; lastKnownFileType = sourcecode.swift; path = MNShadowButton.swift; sourceTree = "<group>"; };
		2C57AC731F14727B00C080A1 /* MNShadowLabel.swift */ = {isa = PBXFileReference; fileEncoding = 4; lastKnownFileType = sourcecode.swift; path = MNShadowLabel.swift; sourceTree = "<group>"; };
		2C57AC751F14742B00C080A1 /* MNGradientView.swift */ = {isa = PBXFileReference; fileEncoding = 4; lastKnownFileType = sourcecode.swift; path = MNGradientView.swift; sourceTree = "<group>"; };
		2C6280AC1F1D9BCE00EABBA3 /* MNBreathView.swift */ = {isa = PBXFileReference; fileEncoding = 4; lastKnownFileType = sourcecode.swift; path = MNBreathView.swift; sourceTree = "<group>"; };
		2C6280B11F1E030500EABBA3 /* BreathEvent.swift */ = {isa = PBXFileReference; fileEncoding = 4; lastKnownFileType = sourcecode.swift; path = BreathEvent.swift; sourceTree = "<group>"; };
		2C6280B31F1E0A1200EABBA3 /* EventsManager.swift */ = {isa = PBXFileReference; fileEncoding = 4; lastKnownFileType = sourcecode.swift; path = EventsManager.swift; sourceTree = "<group>"; };
		2C663C501F1F4AE900F0E547 /* MeditationEvent.swift */ = {isa = PBXFileReference; fileEncoding = 4; lastKnownFileType = sourcecode.swift; path = MeditationEvent.swift; sourceTree = "<group>"; };
		2C663C521F1F4B1500F0E547 /* BreathEventTable.swift */ = {isa = PBXFileReference; fileEncoding = 4; lastKnownFileType = sourcecode.swift; path = BreathEventTable.swift; sourceTree = "<group>"; };
		2C663C541F1F741C00F0E547 /* MeditationEventTable.swift */ = {isa = PBXFileReference; fileEncoding = 4; lastKnownFileType = sourcecode.swift; path = MeditationEventTable.swift; sourceTree = "<group>"; };
		2C6A72F81F14C601006B9D6F /* MNTimerViewController.xib */ = {isa = PBXFileReference; fileEncoding = 4; lastKnownFileType = file.xib; path = MNTimerViewController.xib; sourceTree = "<group>"; };
		2C6F51FE1F0F8BAA006D2387 /* MNTableViewController.xib */ = {isa = PBXFileReference; fileEncoding = 4; lastKnownFileType = file.xib; path = MNTableViewController.xib; sourceTree = "<group>"; };
		2C6F52001F0F8C13006D2387 /* MNSoundTrackCollectionViewCell.xib */ = {isa = PBXFileReference; fileEncoding = 4; lastKnownFileType = file.xib; path = MNSoundTrackCollectionViewCell.xib; sourceTree = "<group>"; };
		2C9D41E81F161A83005901CD /* MNBreathResultViewController.swift */ = {isa = PBXFileReference; fileEncoding = 4; lastKnownFileType = sourcecode.swift; path = MNBreathResultViewController.swift; sourceTree = "<group>"; };
		2C9D41E91F161A83005901CD /* MNBreathResultViewController.xib */ = {isa = PBXFileReference; fileEncoding = 4; lastKnownFileType = file.xib; path = MNBreathResultViewController.xib; sourceTree = "<group>"; };
		2C9D41EC1F1623E1005901CD /* MNBaseViewController.swift */ = {isa = PBXFileReference; fileEncoding = 4; lastKnownFileType = sourcecode.swift; path = MNBaseViewController.swift; sourceTree = "<group>"; };
		2CB0215C1F0F700800470AD3 /* MNRelaxPlayerViewController.xib */ = {isa = PBXFileReference; fileEncoding = 4; lastKnownFileType = file.xib; path = MNRelaxPlayerViewController.xib; sourceTree = "<group>"; };
		2CB616491F0F8A0F00575747 /* MNNavigationController.swift */ = {isa = PBXFileReference; fileEncoding = 4; lastKnownFileType = sourcecode.swift; path = MNNavigationController.swift; sourceTree = "<group>"; };
		2CE447F41F14BBDE007AD3CD /* MNCountDownView.swift */ = {isa = PBXFileReference; fileEncoding = 4; lastKnownFileType = sourcecode.swift; path = MNCountDownView.swift; sourceTree = "<group>"; };
		2CE447F61F14BE72007AD3CD /* MNBreathViewController.xib */ = {isa = PBXFileReference; fileEncoding = 4; lastKnownFileType = file.xib; path = MNBreathViewController.xib; sourceTree = "<group>"; };
		BAEEF2DC1F1A47BD00EADAF6 /* _BaseViewController.h */ = {isa = PBXFileReference; fileEncoding = 4; lastKnownFileType = sourcecode.c.h; path = _BaseViewController.h; sourceTree = "<group>"; };
		BAEEF2DD1F1A47BD00EADAF6 /* _BaseViewController.m */ = {isa = PBXFileReference; fileEncoding = 4; lastKnownFileType = sourcecode.c.objc; path = _BaseViewController.m; sourceTree = "<group>"; };
		BAEEF2DF1F1A482A00EADAF6 /* MNMeditationViewController.h */ = {isa = PBXFileReference; fileEncoding = 4; lastKnownFileType = sourcecode.c.h; path = MNMeditationViewController.h; sourceTree = "<group>"; };
		BAEEF2E01F1A482A00EADAF6 /* MNMeditationViewController.m */ = {isa = PBXFileReference; fileEncoding = 4; lastKnownFileType = sourcecode.c.objc; path = MNMeditationViewController.m; sourceTree = "<group>"; };
		BAEEF2E21F1A55DC00EADAF6 /* MNMeditationViewController.xib */ = {isa = PBXFileReference; fileEncoding = 4; lastKnownFileType = file.xib; path = MNMeditationViewController.xib; sourceTree = "<group>"; };
		BAEEF2E41F1A57F000EADAF6 /* Localizable.strings */ = {isa = PBXFileReference; fileEncoding = 4; lastKnownFileType = text.plist.strings; path = Localizable.strings; sourceTree = "<group>"; };
		BAEEF2F41F1A64CB00EADAF6 /* MNMeditationStartViewController.swift */ = {isa = PBXFileReference; fileEncoding = 4; lastKnownFileType = sourcecode.swift; path = MNMeditationStartViewController.swift; sourceTree = "<group>"; };
		BAEEF2F51F1A64CB00EADAF6 /* MNMeditationStartViewController.xib */ = {isa = PBXFileReference; fileEncoding = 4; lastKnownFileType = file.xib; path = MNMeditationStartViewController.xib; sourceTree = "<group>"; };
		C90F86AF6D27D3C5C7A4BAC5 /* Pods-mNoisi.release.xcconfig */ = {isa = PBXFileReference; includeInIndex = 1; lastKnownFileType = text.xcconfig; name = "Pods-mNoisi.release.xcconfig"; path = "Pods/Target Support Files/Pods-mNoisi/Pods-mNoisi.release.xcconfig"; sourceTree = "<group>"; };
		F5DDE4AC5ED0EFE5290114B3 /* Pods-mNoisi.debug.xcconfig */ = {isa = PBXFileReference; includeInIndex = 1; lastKnownFileType = text.xcconfig; name = "Pods-mNoisi.debug.xcconfig"; path = "Pods/Target Support Files/Pods-mNoisi/Pods-mNoisi.debug.xcconfig"; sourceTree = "<group>"; };
		F7090FF81EE6953500B7A699 /* QuickLook.framework */ = {isa = PBXFileReference; lastKnownFileType = wrapper.framework; name = QuickLook.framework; path = System/Library/Frameworks/QuickLook.framework; sourceTree = SDKROOT; };
		F709101B1EE696B600B7A699 /* ReplayKit.framework */ = {isa = PBXFileReference; lastKnownFileType = wrapper.framework; name = ReplayKit.framework; path = System/Library/Frameworks/ReplayKit.framework; sourceTree = SDKROOT; };
		F70910301EE696B600B7A699 /* UIKit.framework */ = {isa = PBXFileReference; lastKnownFileType = wrapper.framework; name = UIKit.framework; path = System/Library/Frameworks/UIKit.framework; sourceTree = SDKROOT; };
		F70910641EE82E7B00B7A699 /* mNoisi.entitlements */ = {isa = PBXFileReference; lastKnownFileType = text.plist.entitlements; path = mNoisi.entitlements; sourceTree = "<group>"; };
		F709DCA01EF54CB10016C409 /* MNDefaults.swift */ = {isa = PBXFileReference; fileEncoding = 4; lastKnownFileType = sourcecode.swift; path = MNDefaults.swift; sourceTree = "<group>"; };
		F70FB8971ECD94CF00E125F5 /* MNTableViewController.swift */ = {isa = PBXFileReference; fileEncoding = 4; lastKnownFileType = sourcecode.swift; path = MNTableViewController.swift; sourceTree = "<group>"; };
		F71D75321F17BD04004161D9 /* MBProgressHUD.h */ = {isa = PBXFileReference; fileEncoding = 4; lastKnownFileType = sourcecode.c.h; path = MBProgressHUD.h; sourceTree = "<group>"; };
		F71D75331F17BD04004161D9 /* MBProgressHUD.m */ = {isa = PBXFileReference; fileEncoding = 4; lastKnownFileType = sourcecode.c.objc; path = MBProgressHUD.m; sourceTree = "<group>"; };
		F7442F441ED7130A008FFF3D /* MNAnimationViewController.swift */ = {isa = PBXFileReference; fileEncoding = 4; lastKnownFileType = sourcecode.swift; path = MNAnimationViewController.swift; sourceTree = "<group>"; };
		F7442F481EDB82E9008FFF3D /* MNButton.swift */ = {isa = PBXFileReference; fileEncoding = 4; lastKnownFileType = sourcecode.swift; path = MNButton.swift; sourceTree = "<group>"; };
		F74E4F381ED15C3300CFCDD5 /* MNTrackCollectionViewCell.swift */ = {isa = PBXFileReference; fileEncoding = 4; lastKnownFileType = sourcecode.swift; path = MNTrackCollectionViewCell.swift; sourceTree = "<group>"; };
		F75DC30B1EDE21AB001E5547 /* MNActivityRecords.swift */ = {isa = PBXFileReference; fileEncoding = 4; lastKnownFileType = sourcecode.swift; path = MNActivityRecords.swift; sourceTree = "<group>"; };
		F762B9CA1ED63E7B002C2FB0 /* MNBreathViewController.swift */ = {isa = PBXFileReference; fileEncoding = 4; lastKnownFileType = sourcecode.swift; path = MNBreathViewController.swift; sourceTree = "<group>"; };
		F78722D71ECDE1BB00A60FB1 /* MNSoundTrackCollectionViewCell.swift */ = {isa = PBXFileReference; fileEncoding = 4; lastKnownFileType = sourcecode.swift; path = MNSoundTrackCollectionViewCell.swift; sourceTree = "<group>"; };
		F78722D91ECFD7F400A60FB1 /* MNMineViewController.swift */ = {isa = PBXFileReference; fileEncoding = 4; lastKnownFileType = sourcecode.swift; path = MNMineViewController.swift; sourceTree = "<group>"; };
		F78B60D41ED4FB2800D5468F /* MNSwitchTableViewCell.swift */ = {isa = PBXFileReference; fileEncoding = 4; lastKnownFileType = sourcecode.swift; path = MNSwitchTableViewCell.swift; sourceTree = "<group>"; };
		F78B60D61ED4FB9000D5468F /* MNTextTableViewCell.swift */ = {isa = PBXFileReference; fileEncoding = 4; lastKnownFileType = sourcecode.swift; path = MNTextTableViewCell.swift; sourceTree = "<group>"; };
		F78B60D81ED5BC3500D5468F /* MNTrack.swift */ = {isa = PBXFileReference; fileEncoding = 4; lastKnownFileType = sourcecode.swift; path = MNTrack.swift; sourceTree = "<group>"; };
		F7A133EB1ECFDF3B001F9124 /* MNCalendarTableViewCell.swift */ = {isa = PBXFileReference; fileEncoding = 4; lastKnownFileType = sourcecode.swift; path = MNCalendarTableViewCell.swift; sourceTree = "<group>"; };
		F7A133ED1ECFDFBC001F9124 /* MNStaticsInfoTableViewCell.swift */ = {isa = PBXFileReference; fileEncoding = 4; lastKnownFileType = sourcecode.swift; path = MNStaticsInfoTableViewCell.swift; sourceTree = "<group>"; };
		F7B553A31EC8FE67005CC15A /* MNRelaxPlayerViewController.swift */ = {isa = PBXFileReference; fileEncoding = 4; lastKnownFileType = sourcecode.swift; path = MNRelaxPlayerViewController.swift; sourceTree = "<group>"; };
		F7BD9DCB1F10796100DD6932 /* mNoisi-Bridging-Header.h */ = {isa = PBXFileReference; lastKnownFileType = sourcecode.c.h; path = "mNoisi-Bridging-Header.h"; sourceTree = "<group>"; };
		F7BD9DCC1F10796100DD6932 /* FSCalendar.h */ = {isa = PBXFileReference; fileEncoding = 4; lastKnownFileType = sourcecode.c.h; path = FSCalendar.h; sourceTree = "<group>"; };
		F7BD9DCD1F10796100DD6932 /* FSCalendar.m */ = {isa = PBXFileReference; fileEncoding = 4; lastKnownFileType = sourcecode.c.objc; path = FSCalendar.m; sourceTree = "<group>"; };
		F7BD9DCE1F10796100DD6932 /* FSCalendar+Deprecated.m */ = {isa = PBXFileReference; fileEncoding = 4; lastKnownFileType = sourcecode.c.objc; path = "FSCalendar+Deprecated.m"; sourceTree = "<group>"; };
		F7BD9DCF1F10796100DD6932 /* FSCalendarAppearance.h */ = {isa = PBXFileReference; fileEncoding = 4; lastKnownFileType = sourcecode.c.h; path = FSCalendarAppearance.h; sourceTree = "<group>"; };
		F7BD9DD01F10796100DD6932 /* FSCalendarAppearance.m */ = {isa = PBXFileReference; fileEncoding = 4; lastKnownFileType = sourcecode.c.objc; path = FSCalendarAppearance.m; sourceTree = "<group>"; };
		F7BD9DD11F10796100DD6932 /* FSCalendarCalculator.h */ = {isa = PBXFileReference; fileEncoding = 4; lastKnownFileType = sourcecode.c.h; path = FSCalendarCalculator.h; sourceTree = "<group>"; };
		F7BD9DD21F10796100DD6932 /* FSCalendarCalculator.m */ = {isa = PBXFileReference; fileEncoding = 4; lastKnownFileType = sourcecode.c.objc; path = FSCalendarCalculator.m; sourceTree = "<group>"; };
		F7BD9DD31F10796100DD6932 /* FSCalendarCell.h */ = {isa = PBXFileReference; fileEncoding = 4; lastKnownFileType = sourcecode.c.h; path = FSCalendarCell.h; sourceTree = "<group>"; };
		F7BD9DD41F10796100DD6932 /* FSCalendarCell.m */ = {isa = PBXFileReference; fileEncoding = 4; lastKnownFileType = sourcecode.c.objc; path = FSCalendarCell.m; sourceTree = "<group>"; };
		F7BD9DD51F10796100DD6932 /* FSCalendarCollectionView.h */ = {isa = PBXFileReference; fileEncoding = 4; lastKnownFileType = sourcecode.c.h; path = FSCalendarCollectionView.h; sourceTree = "<group>"; };
		F7BD9DD61F10796100DD6932 /* FSCalendarCollectionView.m */ = {isa = PBXFileReference; fileEncoding = 4; lastKnownFileType = sourcecode.c.objc; path = FSCalendarCollectionView.m; sourceTree = "<group>"; };
		F7BD9DD71F10796100DD6932 /* FSCalendarCollectionViewLayout.h */ = {isa = PBXFileReference; fileEncoding = 4; lastKnownFileType = sourcecode.c.h; path = FSCalendarCollectionViewLayout.h; sourceTree = "<group>"; };
		F7BD9DD81F10796100DD6932 /* FSCalendarCollectionViewLayout.m */ = {isa = PBXFileReference; fileEncoding = 4; lastKnownFileType = sourcecode.c.objc; path = FSCalendarCollectionViewLayout.m; sourceTree = "<group>"; };
		F7BD9DD91F10796100DD6932 /* FSCalendarConstants.h */ = {isa = PBXFileReference; fileEncoding = 4; lastKnownFileType = sourcecode.c.h; path = FSCalendarConstants.h; sourceTree = "<group>"; };
		F7BD9DDA1F10796100DD6932 /* FSCalendarConstants.m */ = {isa = PBXFileReference; fileEncoding = 4; lastKnownFileType = sourcecode.c.objc; path = FSCalendarConstants.m; sourceTree = "<group>"; };
		F7BD9DDB1F10796100DD6932 /* FSCalendarDelegationFactory.h */ = {isa = PBXFileReference; fileEncoding = 4; lastKnownFileType = sourcecode.c.h; path = FSCalendarDelegationFactory.h; sourceTree = "<group>"; };
		F7BD9DDC1F10796100DD6932 /* FSCalendarDelegationFactory.m */ = {isa = PBXFileReference; fileEncoding = 4; lastKnownFileType = sourcecode.c.objc; path = FSCalendarDelegationFactory.m; sourceTree = "<group>"; };
		F7BD9DDD1F10796100DD6932 /* FSCalendarDelegationProxy.h */ = {isa = PBXFileReference; fileEncoding = 4; lastKnownFileType = sourcecode.c.h; path = FSCalendarDelegationProxy.h; sourceTree = "<group>"; };
		F7BD9DDE1F10796100DD6932 /* FSCalendarDelegationProxy.m */ = {isa = PBXFileReference; fileEncoding = 4; lastKnownFileType = sourcecode.c.objc; path = FSCalendarDelegationProxy.m; sourceTree = "<group>"; };
		F7BD9DDF1F10796100DD6932 /* FSCalendarDynamicHeader.h */ = {isa = PBXFileReference; fileEncoding = 4; lastKnownFileType = sourcecode.c.h; path = FSCalendarDynamicHeader.h; sourceTree = "<group>"; };
		F7BD9DE01F10796100DD6932 /* FSCalendarExtensions.h */ = {isa = PBXFileReference; fileEncoding = 4; lastKnownFileType = sourcecode.c.h; path = FSCalendarExtensions.h; sourceTree = "<group>"; };
		F7BD9DE11F10796100DD6932 /* FSCalendarExtensions.m */ = {isa = PBXFileReference; fileEncoding = 4; lastKnownFileType = sourcecode.c.objc; path = FSCalendarExtensions.m; sourceTree = "<group>"; };
		F7BD9DE21F10796100DD6932 /* FSCalendarHeaderView.h */ = {isa = PBXFileReference; fileEncoding = 4; lastKnownFileType = sourcecode.c.h; path = FSCalendarHeaderView.h; sourceTree = "<group>"; };
		F7BD9DE31F10796100DD6932 /* FSCalendarHeaderView.m */ = {isa = PBXFileReference; fileEncoding = 4; lastKnownFileType = sourcecode.c.objc; path = FSCalendarHeaderView.m; sourceTree = "<group>"; };
		F7BD9DE41F10796100DD6932 /* FSCalendarScopeHandle.h */ = {isa = PBXFileReference; fileEncoding = 4; lastKnownFileType = sourcecode.c.h; path = FSCalendarScopeHandle.h; sourceTree = "<group>"; };
		F7BD9DE51F10796100DD6932 /* FSCalendarScopeHandle.m */ = {isa = PBXFileReference; fileEncoding = 4; lastKnownFileType = sourcecode.c.objc; path = FSCalendarScopeHandle.m; sourceTree = "<group>"; };
		F7BD9DE61F10796100DD6932 /* FSCalendarStickyHeader.h */ = {isa = PBXFileReference; fileEncoding = 4; lastKnownFileType = sourcecode.c.h; path = FSCalendarStickyHeader.h; sourceTree = "<group>"; };
		F7BD9DE71F10796100DD6932 /* FSCalendarStickyHeader.m */ = {isa = PBXFileReference; fileEncoding = 4; lastKnownFileType = sourcecode.c.objc; path = FSCalendarStickyHeader.m; sourceTree = "<group>"; };
		F7BD9DE81F10796100DD6932 /* FSCalendarTransitionCoordinator.h */ = {isa = PBXFileReference; fileEncoding = 4; lastKnownFileType = sourcecode.c.h; path = FSCalendarTransitionCoordinator.h; sourceTree = "<group>"; };
		F7BD9DE91F10796100DD6932 /* FSCalendarTransitionCoordinator.m */ = {isa = PBXFileReference; fileEncoding = 4; lastKnownFileType = sourcecode.c.objc; path = FSCalendarTransitionCoordinator.m; sourceTree = "<group>"; };
		F7BD9DEA1F10796100DD6932 /* FSCalendarWeekdayView.h */ = {isa = PBXFileReference; fileEncoding = 4; lastKnownFileType = sourcecode.c.h; path = FSCalendarWeekdayView.h; sourceTree = "<group>"; };
		F7BD9DEB1F10796100DD6932 /* FSCalendarWeekdayView.m */ = {isa = PBXFileReference; fileEncoding = 4; lastKnownFileType = sourcecode.c.objc; path = FSCalendarWeekdayView.m; sourceTree = "<group>"; };
		F7C991BA1EE8E9F300A60BC4 /* MNPlayer.swift */ = {isa = PBXFileReference; fileEncoding = 4; lastKnownFileType = sourcecode.swift; path = MNPlayer.swift; sourceTree = "<group>"; };
		F7DE642A1F12724900079BA6 /* MNSegmentControl.swift */ = {isa = PBXFileReference; fileEncoding = 4; lastKnownFileType = sourcecode.swift; path = MNSegmentControl.swift; sourceTree = "<group>"; };
		F7FB6ECF1EC8F8DA0086E576 /* mNoisi.app */ = {isa = PBXFileReference; explicitFileType = wrapper.application; includeInIndex = 0; path = mNoisi.app; sourceTree = BUILT_PRODUCTS_DIR; };
		F7FB6ED21EC8F8DA0086E576 /* AppDelegate.swift */ = {isa = PBXFileReference; lastKnownFileType = sourcecode.swift; path = AppDelegate.swift; sourceTree = "<group>"; };
		F7FB6ED91EC8F8DA0086E576 /* Assets.xcassets */ = {isa = PBXFileReference; lastKnownFileType = folder.assetcatalog; path = Assets.xcassets; sourceTree = "<group>"; };
		F7FB6EDC1EC8F8DA0086E576 /* Base */ = {isa = PBXFileReference; lastKnownFileType = file.storyboard; name = Base; path = Base.lproj/LaunchScreen.storyboard; sourceTree = "<group>"; };
		F7FB6EDE1EC8F8DA0086E576 /* Info.plist */ = {isa = PBXFileReference; lastKnownFileType = text.plist.xml; path = Info.plist; sourceTree = "<group>"; };
/* End PBXFileReference section */

/* Begin PBXFrameworksBuildPhase section */
		F7FB6ECC1EC8F8DA0086E576 /* Frameworks */ = {
			isa = PBXFrameworksBuildPhase;
			buildActionMask = 2147483647;
			files = (
				659D868629E656A5440F44EB /* Pods_mNoisi.framework in Frameworks */,
			);
			runOnlyForDeploymentPostprocessing = 0;
		};
/* End PBXFrameworksBuildPhase section */

/* Begin PBXGroup section */
		2C24A4301EDEBEC2008CD172 /* Player */ = {
			isa = PBXGroup;
			children = (
				F7C991BA1EE8E9F300A60BC4 /* MNPlayer.swift */,
				F7B553A31EC8FE67005CC15A /* MNRelaxPlayerViewController.swift */,
				2CB0215C1F0F700800470AD3 /* MNRelaxPlayerViewController.xib */,
				F78722D71ECDE1BB00A60FB1 /* MNSoundTrackCollectionViewCell.swift */,
				2C6F52001F0F8C13006D2387 /* MNSoundTrackCollectionViewCell.xib */,
				F70FB8971ECD94CF00E125F5 /* MNTableViewController.swift */,
				2C6F51FE1F0F8BAA006D2387 /* MNTableViewController.xib */,
				F74E4F381ED15C3300CFCDD5 /* MNTrackCollectionViewCell.swift */,
			);
			path = Player;
			sourceTree = "<group>";
		};
		2C6280B01F1E02EF00EABBA3 /* Model */ = {
			isa = PBXGroup;
			children = (
				2C6280B11F1E030500EABBA3 /* BreathEvent.swift */,
				2C663C521F1F4B1500F0E547 /* BreathEventTable.swift */,
				2C6280B31F1E0A1200EABBA3 /* EventsManager.swift */,
				2C663C501F1F4AE900F0E547 /* MeditationEvent.swift */,
				2C663C541F1F741C00F0E547 /* MeditationEventTable.swift */,
			);
			name = Model;
			sourceTree = "<group>";
		};
		2C8DFEA11EDEBF7E0068540D /* Views */ = {
			isa = PBXGroup;
			children = (
				F7442F481EDB82E9008FFF3D /* MNButton.swift */,
				F7DE642A1F12724900079BA6 /* MNSegmentControl.swift */,
				2C57AC711F146DA000C080A1 /* MNShadowButton.swift */,
				2C57AC731F14727B00C080A1 /* MNShadowLabel.swift */,
				2C57AC751F14742B00C080A1 /* MNGradientView.swift */,
				2CE447F41F14BBDE007AD3CD /* MNCountDownView.swift */,
				2C6280AC1F1D9BCE00EABBA3 /* MNBreathView.swift */,
			);
			path = Views;
			sourceTree = "<group>";
		};
		2C8DFEA21EDEBFD20068540D /* Resources */ = {
			isa = PBXGroup;
			children = (
				2C3F0A071F132B2800CCB177 /* crackling_fire_sound.jpg */,
				2C3F0A081F132B2800CCB177 /* distantthunder.jpg */,
				2C3F0A091F132B2800CCB177 /* fairypond.jpg */,
				2C3F0A0A1F132B2800CCB177 /* skywalker.jpg */,
				2C3F0A0B1F132B2800CCB177 /* tropicalrain.jpg */,
				2C3F0A0C1F132B2800CCB177 /* whiterain.jpg */,
				2C3F09FB1F132B1200CCB177 /* crackling_fire_sound.mp3 */,
				2C3F09FC1F132B1200CCB177 /* distantthunder.mp3 */,
				2C3F09FD1F132B1200CCB177 /* fairypond.mp3 */,
				2C3F09FE1F132B1200CCB177 /* skywalker.mp3 */,
				2C3F09FF1F132B1200CCB177 /* tropicalrain.mp3 */,
				2C3F0A001F132B1200CCB177 /* whiterain.mp3 */,
			);
			path = Resources;
			sourceTree = "<group>";
		};
		2CB0215E1F0F706500470AD3 /* Utils */ = {
			isa = PBXGroup;
			children = (
				F709DCA01EF54CB10016C409 /* MNDefaults.swift */,
				2C4CC2B01F15E70A00FED7A7 /* MNTimer.h */,
				2C4CC2B11F15E70A00FED7A7 /* MNTimer.m */,
				2C1AD0F11F1C9FA000C7C994 /* TTRateKit.swift */,
			);
			path = Utils;
			sourceTree = "<group>";
		};
		2CC2C9D81EDEC20A004C115C /* Mine */ = {
			isa = PBXGroup;
			children = (
				F75DC30B1EDE21AB001E5547 /* MNActivityRecords.swift */,
				F7A133EB1ECFDF3B001F9124 /* MNCalendarTableViewCell.swift */,
				2C3F0A151F1356AD00CCB177 /* MNCalendarTableViewCell.xib */,
				F78722D91ECFD7F400A60FB1 /* MNMineViewController.swift */,
				2C3F0A131F134F4C00CCB177 /* MNMineViewController.xib */,
				F7A133ED1ECFDFBC001F9124 /* MNStaticsInfoTableViewCell.swift */,
				2C3F0A171F1356E500CCB177 /* MNStaticsInfoTableViewCell.xib */,
				F78B60D41ED4FB2800D5468F /* MNSwitchTableViewCell.swift */,
				F78B60D61ED4FB9000D5468F /* MNTextTableViewCell.swift */,
				2C1AD0F51F1CC0E700C7C994 /* MNLocalWebViewController.swift */,
				2C1AD0F61F1CC0E700C7C994 /* MNLocalWebViewController.xib */,
			);
			path = Mine;
			sourceTree = "<group>";
		};
		2CE447F31F14AB4E007AD3CD /* Breath */ = {
			isa = PBXGroup;
			children = (
				F7442F441ED7130A008FFF3D /* MNAnimationViewController.swift */,
				2C4CC2B61F16059300FED7A7 /* MNAnimationViewController.xib */,
				F762B9CA1ED63E7B002C2FB0 /* MNBreathViewController.swift */,
				2CE447F61F14BE72007AD3CD /* MNBreathViewController.xib */,
				2C4CC2B31F15F14A00FED7A7 /* MNTimerViewController.h */,
				2C4CC2B41F15F14A00FED7A7 /* MNTimerViewController.m */,
				2C6A72F81F14C601006B9D6F /* MNTimerViewController.xib */,
				2C9D41E81F161A83005901CD /* MNBreathResultViewController.swift */,
				2C9D41E91F161A83005901CD /* MNBreathResultViewController.xib */,
			);
			path = Breath;
			sourceTree = "<group>";
		};
		5AA3342AD27E2AEE039A548F /* Frameworks */ = {
			isa = PBXGroup;
			children = (
				061546CF2EB2617C79F9CBD2 /* Pods_mNoisi.framework */,
				F7090FF81EE6953500B7A699 /* QuickLook.framework */,
				F709101B1EE696B600B7A699 /* ReplayKit.framework */,
				F70910301EE696B600B7A699 /* UIKit.framework */,
			);
			name = Frameworks;
			sourceTree = "<group>";
		};
		85628D67DAFE44ED826F9C81 /* Pods */ = {
			isa = PBXGroup;
			children = (
				F5DDE4AC5ED0EFE5290114B3 /* Pods-mNoisi.debug.xcconfig */,
				C90F86AF6D27D3C5C7A4BAC5 /* Pods-mNoisi.release.xcconfig */,
			);
			name = Pods;
			sourceTree = "<group>";
		};
		BAEEF2D71F1A41FB00EADAF6 /* Meditation */ = {
			isa = PBXGroup;
			children = (
				BAEEF2DF1F1A482A00EADAF6 /* MNMeditationViewController.h */,
				BAEEF2E01F1A482A00EADAF6 /* MNMeditationViewController.m */,
				BAEEF2E21F1A55DC00EADAF6 /* MNMeditationViewController.xib */,
				BAEEF2F41F1A64CB00EADAF6 /* MNMeditationStartViewController.swift */,
				BAEEF2F51F1A64CB00EADAF6 /* MNMeditationStartViewController.xib */,
			);
			path = Meditation;
			sourceTree = "<group>";
		};
		F71D75311F17BCE2004161D9 /* MBProgressHUD */ = {
			isa = PBXGroup;
			children = (
				F71D75321F17BD04004161D9 /* MBProgressHUD.h */,
				F71D75331F17BD04004161D9 /* MBProgressHUD.m */,
			);
			path = MBProgressHUD;
			sourceTree = "<group>";
		};
		F7BD9DC91F10793300DD6932 /* Vendor */ = {
			isa = PBXGroup;
			children = (
				F71D75311F17BCE2004161D9 /* MBProgressHUD */,
				F7BD9DCA1F10794400DD6932 /* FSCalendar */,
			);
			path = Vendor;
			sourceTree = "<group>";
		};
		F7BD9DCA1F10794400DD6932 /* FSCalendar */ = {
			isa = PBXGroup;
			children = (
				F7BD9DCC1F10796100DD6932 /* FSCalendar.h */,
				F7BD9DCD1F10796100DD6932 /* FSCalendar.m */,
				F7BD9DCE1F10796100DD6932 /* FSCalendar+Deprecated.m */,
				F7BD9DCF1F10796100DD6932 /* FSCalendarAppearance.h */,
				F7BD9DD01F10796100DD6932 /* FSCalendarAppearance.m */,
				F7BD9DD11F10796100DD6932 /* FSCalendarCalculator.h */,
				F7BD9DD21F10796100DD6932 /* FSCalendarCalculator.m */,
				F7BD9DD31F10796100DD6932 /* FSCalendarCell.h */,
				F7BD9DD41F10796100DD6932 /* FSCalendarCell.m */,
				F7BD9DD51F10796100DD6932 /* FSCalendarCollectionView.h */,
				F7BD9DD61F10796100DD6932 /* FSCalendarCollectionView.m */,
				F7BD9DD71F10796100DD6932 /* FSCalendarCollectionViewLayout.h */,
				F7BD9DD81F10796100DD6932 /* FSCalendarCollectionViewLayout.m */,
				F7BD9DD91F10796100DD6932 /* FSCalendarConstants.h */,
				F7BD9DDA1F10796100DD6932 /* FSCalendarConstants.m */,
				F7BD9DDB1F10796100DD6932 /* FSCalendarDelegationFactory.h */,
				F7BD9DDC1F10796100DD6932 /* FSCalendarDelegationFactory.m */,
				F7BD9DDD1F10796100DD6932 /* FSCalendarDelegationProxy.h */,
				F7BD9DDE1F10796100DD6932 /* FSCalendarDelegationProxy.m */,
				F7BD9DDF1F10796100DD6932 /* FSCalendarDynamicHeader.h */,
				F7BD9DE01F10796100DD6932 /* FSCalendarExtensions.h */,
				F7BD9DE11F10796100DD6932 /* FSCalendarExtensions.m */,
				F7BD9DE21F10796100DD6932 /* FSCalendarHeaderView.h */,
				F7BD9DE31F10796100DD6932 /* FSCalendarHeaderView.m */,
				F7BD9DE41F10796100DD6932 /* FSCalendarScopeHandle.h */,
				F7BD9DE51F10796100DD6932 /* FSCalendarScopeHandle.m */,
				F7BD9DE61F10796100DD6932 /* FSCalendarStickyHeader.h */,
				F7BD9DE71F10796100DD6932 /* FSCalendarStickyHeader.m */,
				F7BD9DE81F10796100DD6932 /* FSCalendarTransitionCoordinator.h */,
				F7BD9DE91F10796100DD6932 /* FSCalendarTransitionCoordinator.m */,
				F7BD9DEA1F10796100DD6932 /* FSCalendarWeekdayView.h */,
				F7BD9DEB1F10796100DD6932 /* FSCalendarWeekdayView.m */,
			);
			path = FSCalendar;
			sourceTree = "<group>";
		};
		F7FB6EC61EC8F8DA0086E576 = {
			isa = PBXGroup;
			children = (
				F7FB6ED11EC8F8DA0086E576 /* mNoisi */,
				F7FB6ED01EC8F8DA0086E576 /* Products */,
				85628D67DAFE44ED826F9C81 /* Pods */,
				5AA3342AD27E2AEE039A548F /* Frameworks */,
			);
			sourceTree = "<group>";
		};
		F7FB6ED01EC8F8DA0086E576 /* Products */ = {
			isa = PBXGroup;
			children = (
				F7FB6ECF1EC8F8DA0086E576 /* mNoisi.app */,
			);
			name = Products;
			sourceTree = "<group>";
		};
		F7FB6ED11EC8F8DA0086E576 /* mNoisi */ = {
			isa = PBXGroup;
			children = (
				2C6280B01F1E02EF00EABBA3 /* Model */,
				BAEEF2D71F1A41FB00EADAF6 /* Meditation */,
				2CE447F31F14AB4E007AD3CD /* Breath */,
				F7BD9DC91F10793300DD6932 /* Vendor */,
				2CB0215E1F0F706500470AD3 /* Utils */,
				2C8DFEA21EDEBFD20068540D /* Resources */,
				2CC2C9D81EDEC20A004C115C /* Mine */,
				2C8DFEA11EDEBF7E0068540D /* Views */,
				2C24A4301EDEBEC2008CD172 /* Player */,
				F7FB6ED21EC8F8DA0086E576 /* AppDelegate.swift */,
				F7BD9DCB1F10796100DD6932 /* mNoisi-Bridging-Header.h */,
				F78B60D81ED5BC3500D5468F /* MNTrack.swift */,
				F7FB6EDB1EC8F8DA0086E576 /* LaunchScreen.storyboard */,
				F7FB6EDE1EC8F8DA0086E576 /* Info.plist */,
				2C1AD0F91F1CC95700C7C994 /* eula.html */,
				2C1AD0FA1F1CC95700C7C994 /* privacy.html */,
				F70910641EE82E7B00B7A699 /* mNoisi.entitlements */,
				F7FB6ED91EC8F8DA0086E576 /* Assets.xcassets */,
				2CB616491F0F8A0F00575747 /* MNNavigationController.swift */,
				2C9D41EC1F1623E1005901CD /* MNBaseViewController.swift */,
				BAEEF2DC1F1A47BD00EADAF6 /* _BaseViewController.h */,
				BAEEF2DD1F1A47BD00EADAF6 /* _BaseViewController.m */,
				BAEEF2E41F1A57F000EADAF6 /* Localizable.strings */,
				2C1AD0F31F1CA6AA00C7C994 /* Rate.strings */,
			);
			path = mNoisi;
			sourceTree = "<group>";
		};
/* End PBXGroup section */

/* Begin PBXNativeTarget section */
		F7FB6ECE1EC8F8DA0086E576 /* mNoisi */ = {
			isa = PBXNativeTarget;
			buildConfigurationList = F7FB6EF71EC8F8DA0086E576 /* Build configuration list for PBXNativeTarget "mNoisi" */;
			buildPhases = (
				A69B4C968E957D7D9D426FC4 /* [CP] Check Pods Manifest.lock */,
				F7FB6ECB1EC8F8DA0086E576 /* Sources */,
				F7FB6ECC1EC8F8DA0086E576 /* Frameworks */,
				F7FB6ECD1EC8F8DA0086E576 /* Resources */,
				E9D1CAEA6EB7DF76A36F8CA5 /* [CP] Embed Pods Frameworks */,
				D77DA1E10DCF771EB8B2CC93 /* [CP] Copy Pods Resources */,
				F7090FF21EE6943500B7A699 /* Embed App Extensions */,
				2C3F09FA1F131DB500CCB177 /* ShellScript */,
			);
			buildRules = (
			);
			dependencies = (
			);
			name = mNoisi;
			productName = mNoisi;
			productReference = F7FB6ECF1EC8F8DA0086E576 /* mNoisi.app */;
			productType = "com.apple.product-type.application";
		};
/* End PBXNativeTarget section */

/* Begin PBXProject section */
		F7FB6EC71EC8F8DA0086E576 /* Project object */ = {
			isa = PBXProject;
			attributes = {
				LastSwiftUpdateCheck = 0900;
				LastUpgradeCheck = 0900;
				ORGANIZATIONNAME = Leon.yan;
				TargetAttributes = {
					F7FB6ECE1EC8F8DA0086E576 = {
						CreatedOnToolsVersion = 8.3.2;
						DevelopmentTeam = BA96H9FD2B;
						LastSwiftMigration = 0830;
						ProvisioningStyle = Automatic;
						SystemCapabilities = {
							com.apple.BackgroundModes = {
								enabled = 1;
							};
							com.apple.DataProtection = {
								enabled = 1;
							};
						};
					};
				};
			};
			buildConfigurationList = F7FB6ECA1EC8F8DA0086E576 /* Build configuration list for PBXProject "mNoisi" */;
			compatibilityVersion = "Xcode 3.2";
			developmentRegion = English;
			hasScannedForEncodings = 0;
			knownRegions = (
				en,
				Base,
			);
			mainGroup = F7FB6EC61EC8F8DA0086E576;
			productRefGroup = F7FB6ED01EC8F8DA0086E576 /* Products */;
			projectDirPath = "";
			projectRoot = "";
			targets = (
				F7FB6ECE1EC8F8DA0086E576 /* mNoisi */,
			);
		};
/* End PBXProject section */

/* Begin PBXResourcesBuildPhase section */
		F7FB6ECD1EC8F8DA0086E576 /* Resources */ = {
			isa = PBXResourcesBuildPhase;
			buildActionMask = 2147483647;
			files = (
				F7FB6EDD1EC8F8DA0086E576 /* LaunchScreen.storyboard in Resources */,
				2C9D41EB1F161A83005901CD /* MNBreathResultViewController.xib in Resources */,
				2C3F0A011F132B1200CCB177 /* crackling_fire_sound.mp3 in Resources */,
				2CE447F71F14BE72007AD3CD /* MNBreathViewController.xib in Resources */,
				2C1AD0F41F1CA6AA00C7C994 /* Rate.strings in Resources */,
				2C3F0A021F132B1200CCB177 /* distantthunder.mp3 in Resources */,
				2C6F52011F0F8C13006D2387 /* MNSoundTrackCollectionViewCell.xib in Resources */,
				2C6A72F91F14C601006B9D6F /* MNTimerViewController.xib in Resources */,
				2C1AD0FB1F1CC95700C7C994 /* eula.html in Resources */,
				BAEEF2E31F1A55DC00EADAF6 /* MNMeditationViewController.xib in Resources */,
				2C3F0A181F1356E500CCB177 /* MNStaticsInfoTableViewCell.xib in Resources */,
				2C3F0A141F134F4C00CCB177 /* MNMineViewController.xib in Resources */,
				BAEEF2F71F1A64CB00EADAF6 /* MNMeditationStartViewController.xib in Resources */,
				F7FB6EDA1EC8F8DA0086E576 /* Assets.xcassets in Resources */,
				2C3F0A111F132B2800CCB177 /* tropicalrain.jpg in Resources */,
				2C3F0A061F132B1200CCB177 /* whiterain.mp3 in Resources */,
				2C1AD0F81F1CC0E700C7C994 /* MNLocalWebViewController.xib in Resources */,
				2C3F0A051F132B1200CCB177 /* tropicalrain.mp3 in Resources */,
				2C3F0A0F1F132B2800CCB177 /* fairypond.jpg in Resources */,
				2C3F0A101F132B2800CCB177 /* skywalker.jpg in Resources */,
				2C4CC2B71F16059300FED7A7 /* MNAnimationViewController.xib in Resources */,
				2C3F0A161F1356AD00CCB177 /* MNCalendarTableViewCell.xib in Resources */,
				2C3F0A0D1F132B2800CCB177 /* crackling_fire_sound.jpg in Resources */,
				2CB0215D1F0F700800470AD3 /* MNRelaxPlayerViewController.xib in Resources */,
				BAEEF2E51F1A57F000EADAF6 /* Localizable.strings in Resources */,
				2C6F51FF1F0F8BAA006D2387 /* MNTableViewController.xib in Resources */,
				2C1AD0FC1F1CC95700C7C994 /* privacy.html in Resources */,
				2C3F0A031F132B1200CCB177 /* fairypond.mp3 in Resources */,
				2C3F0A0E1F132B2800CCB177 /* distantthunder.jpg in Resources */,
				2C3F0A041F132B1200CCB177 /* skywalker.mp3 in Resources */,
				2C3F0A121F132B2800CCB177 /* whiterain.jpg in Resources */,
			);
			runOnlyForDeploymentPostprocessing = 0;
		};
/* End PBXResourcesBuildPhase section */

/* Begin PBXShellScriptBuildPhase section */
		2C3F09FA1F131DB500CCB177 /* ShellScript */ = {
			isa = PBXShellScriptBuildPhase;
			buildActionMask = 2147483647;
			files = (
			);
			inputPaths = (
			);
			outputPaths = (
			);
			runOnlyForDeploymentPostprocessing = 0;
			shellPath = /bin/sh;
			shellScript = "\"${PODS_ROOT}/Fabric/run\" 21e9f9a128e95ee01e0a8d39feb12f1fc9065a70 e752a55dae2100daa69d4aa315afb7e85654abf38a8355cb68cb841ceff4c033";
		};
		A69B4C968E957D7D9D426FC4 /* [CP] Check Pods Manifest.lock */ = {
			isa = PBXShellScriptBuildPhase;
			buildActionMask = 2147483647;
			files = (
			);
			inputPaths = (
			);
			name = "[CP] Check Pods Manifest.lock";
			outputPaths = (
			);
			runOnlyForDeploymentPostprocessing = 0;
			shellPath = /bin/sh;
			shellScript = "diff \"${PODS_PODFILE_DIR_PATH}/Podfile.lock\" \"${PODS_ROOT}/Manifest.lock\" > /dev/null\nif [ $? != 0 ] ; then\n    # print error to STDERR\n    echo \"error: The sandbox is not in sync with the Podfile.lock. Run 'pod install' or update your CocoaPods installation.\" >&2\n    exit 1\nfi\n";
			showEnvVarsInLog = 0;
		};
		D77DA1E10DCF771EB8B2CC93 /* [CP] Copy Pods Resources */ = {
			isa = PBXShellScriptBuildPhase;
			buildActionMask = 2147483647;
			files = (
			);
			inputPaths = (
			);
			name = "[CP] Copy Pods Resources";
			outputPaths = (
			);
			runOnlyForDeploymentPostprocessing = 0;
			shellPath = /bin/sh;
			shellScript = "\"${SRCROOT}/Pods/Target Support Files/Pods-mNoisi/Pods-mNoisi-resources.sh\"\n";
			showEnvVarsInLog = 0;
		};
		E9D1CAEA6EB7DF76A36F8CA5 /* [CP] Embed Pods Frameworks */ = {
			isa = PBXShellScriptBuildPhase;
			buildActionMask = 2147483647;
			files = (
			);
			inputPaths = (
			);
			name = "[CP] Embed Pods Frameworks";
			outputPaths = (
			);
			runOnlyForDeploymentPostprocessing = 0;
			shellPath = /bin/sh;
			shellScript = "\"${SRCROOT}/Pods/Target Support Files/Pods-mNoisi/Pods-mNoisi-frameworks.sh\"\n";
			showEnvVarsInLog = 0;
		};
/* End PBXShellScriptBuildPhase section */

/* Begin PBXSourcesBuildPhase section */
		F7FB6ECB1EC8F8DA0086E576 /* Sources */ = {
			isa = PBXSourcesBuildPhase;
			buildActionMask = 2147483647;
			files = (
				F7442F451ED7130A008FFF3D /* MNAnimationViewController.swift in Sources */,
				F7BD9DF21F10796200DD6932 /* FSCalendarCollectionViewLayout.m in Sources */,
				F7BD9DEC1F10796100DD6932 /* FSCalendar.m in Sources */,
				F78B60D91ED5BC3500D5468F /* MNTrack.swift in Sources */,
				F78B60D51ED4FB2800D5468F /* MNSwitchTableViewCell.swift in Sources */,
				F74E4F391ED15C3300CFCDD5 /* MNTrackCollectionViewCell.swift in Sources */,
				F7BD9DF71F10796200DD6932 /* FSCalendarHeaderView.m in Sources */,
				F7BD9DF51F10796200DD6932 /* FSCalendarDelegationProxy.m in Sources */,
				2CB6164A1F0F8A0F00575747 /* MNNavigationController.swift in Sources */,
				2C57AC761F14742B00C080A1 /* MNGradientView.swift in Sources */,
				2CE447F51F14BBDE007AD3CD /* MNCountDownView.swift in Sources */,
				2C9D41EA1F161A83005901CD /* MNBreathResultViewController.swift in Sources */,
				2C4CC2B51F15F14A00FED7A7 /* MNTimerViewController.m in Sources */,
				F709DCA11EF54CB10016C409 /* MNDefaults.swift in Sources */,
				2C9D41ED1F1623E1005901CD /* MNBaseViewController.swift in Sources */,
				F7A133EE1ECFDFBC001F9124 /* MNStaticsInfoTableViewCell.swift in Sources */,
				2C663C531F1F4B1500F0E547 /* BreathEventTable.swift in Sources */,
				2C6280AD1F1D9BCE00EABBA3 /* MNBreathView.swift in Sources */,
				2C1AD0F71F1CC0E700C7C994 /* MNLocalWebViewController.swift in Sources */,
				BAEEF2E11F1A482A00EADAF6 /* MNMeditationViewController.m in Sources */,
				F7BD9DF81F10796200DD6932 /* FSCalendarScopeHandle.m in Sources */,
				F70FB8981ECD94CF00E125F5 /* MNTableViewController.swift in Sources */,
				F7BD9DFB1F10796200DD6932 /* FSCalendarWeekdayView.m in Sources */,
				F78B60D71ED4FB9000D5468F /* MNTextTableViewCell.swift in Sources */,
				F7BD9DF41F10796200DD6932 /* FSCalendarDelegationFactory.m in Sources */,
				F7BD9DEE1F10796200DD6932 /* FSCalendarAppearance.m in Sources */,
				2C663C511F1F4AE900F0E547 /* MeditationEvent.swift in Sources */,
				F7C991BB1EE8E9F300A60BC4 /* MNPlayer.swift in Sources */,
				F7BD9DF31F10796200DD6932 /* FSCalendarConstants.m in Sources */,
				2C1AD0F21F1C9FA000C7C994 /* TTRateKit.swift in Sources */,
				2C6280B21F1E030500EABBA3 /* BreathEvent.swift in Sources */,
				2C6280B41F1E0A1200EABBA3 /* EventsManager.swift in Sources */,
				F71D75341F17BD04004161D9 /* MBProgressHUD.m in Sources */,
				2C663C551F1F741C00F0E547 /* MeditationEventTable.swift in Sources */,
				F7BD9DED1F10796200DD6932 /* FSCalendar+Deprecated.m in Sources */,
				F7BD9DF91F10796200DD6932 /* FSCalendarStickyHeader.m in Sources */,
				F7BD9DFA1F10796200DD6932 /* FSCalendarTransitionCoordinator.m in Sources */,
				F7DE642B1F12724900079BA6 /* MNSegmentControl.swift in Sources */,
				F7B553A41EC8FE67005CC15A /* MNRelaxPlayerViewController.swift in Sources */,
				2C4CC2B21F15E70A00FED7A7 /* MNTimer.m in Sources */,
				F7BD9DF61F10796200DD6932 /* FSCalendarExtensions.m in Sources */,
				F7BD9DEF1F10796200DD6932 /* FSCalendarCalculator.m in Sources */,
				F75DC30C1EDE21AB001E5547 /* MNActivityRecords.swift in Sources */,
				F762B9CB1ED63E7B002C2FB0 /* MNBreathViewController.swift in Sources */,
				2C57AC741F14727B00C080A1 /* MNShadowLabel.swift in Sources */,
				2C57AC721F146DA000C080A1 /* MNShadowButton.swift in Sources */,
				BAEEF2F61F1A64CB00EADAF6 /* MNMeditationStartViewController.swift in Sources */,
				F7FB6ED31EC8F8DA0086E576 /* AppDelegate.swift in Sources */,
				BAEEF2DE1F1A47BD00EADAF6 /* _BaseViewController.m in Sources */,
				F78722DA1ECFD7F400A60FB1 /* MNMineViewController.swift in Sources */,
				F7BD9DF11F10796200DD6932 /* FSCalendarCollectionView.m in Sources */,
				F7442F491EDB82E9008FFF3D /* MNButton.swift in Sources */,
				F7A133EC1ECFDF3B001F9124 /* MNCalendarTableViewCell.swift in Sources */,
				F7BD9DF01F10796200DD6932 /* FSCalendarCell.m in Sources */,
				F78722D81ECDE1BB00A60FB1 /* MNSoundTrackCollectionViewCell.swift in Sources */,
			);
			runOnlyForDeploymentPostprocessing = 0;
		};
/* End PBXSourcesBuildPhase section */

/* Begin PBXVariantGroup section */
		F7FB6EDB1EC8F8DA0086E576 /* LaunchScreen.storyboard */ = {
			isa = PBXVariantGroup;
			children = (
				F7FB6EDC1EC8F8DA0086E576 /* Base */,
			);
			name = LaunchScreen.storyboard;
			sourceTree = "<group>";
		};
/* End PBXVariantGroup section */

/* Begin XCBuildConfiguration section */
		F7FB6EF51EC8F8DA0086E576 /* Debug */ = {
			isa = XCBuildConfiguration;
			buildSettings = {
				ALWAYS_SEARCH_USER_PATHS = NO;
				CLANG_ANALYZER_NONNULL = YES;
				CLANG_ANALYZER_NUMBER_OBJECT_CONVERSION = YES_AGGRESSIVE;
				CLANG_CXX_LANGUAGE_STANDARD = "gnu++0x";
				CLANG_CXX_LIBRARY = "libc++";
				CLANG_ENABLE_MODULES = YES;
				CLANG_ENABLE_OBJC_ARC = YES;
				CLANG_WARN_BLOCK_CAPTURE_AUTORELEASING = YES;
				CLANG_WARN_BOOL_CONVERSION = YES;
				CLANG_WARN_COMMA = YES;
				CLANG_WARN_CONSTANT_CONVERSION = YES;
				CLANG_WARN_DIRECT_OBJC_ISA_USAGE = YES_ERROR;
				CLANG_WARN_DOCUMENTATION_COMMENTS = YES;
				CLANG_WARN_EMPTY_BODY = YES;
				CLANG_WARN_ENUM_CONVERSION = YES;
				CLANG_WARN_INFINITE_RECURSION = YES;
				CLANG_WARN_INT_CONVERSION = YES;
				CLANG_WARN_NON_LITERAL_NULL_CONVERSION = YES;
				CLANG_WARN_OBJC_LITERAL_CONVERSION = YES;
				CLANG_WARN_OBJC_ROOT_CLASS = YES_ERROR;
				CLANG_WARN_RANGE_LOOP_ANALYSIS = YES;
				CLANG_WARN_STRICT_PROTOTYPES = YES;
				CLANG_WARN_SUSPICIOUS_MOVE = YES;
				CLANG_WARN_UNREACHABLE_CODE = YES;
				CLANG_WARN__DUPLICATE_METHOD_MATCH = YES;
				"CODE_SIGN_IDENTITY[sdk=iphoneos*]" = "iPhone Developer";
				COPY_PHASE_STRIP = NO;
				DEBUG_INFORMATION_FORMAT = dwarf;
				ENABLE_STRICT_OBJC_MSGSEND = YES;
				ENABLE_TESTABILITY = YES;
				GCC_C_LANGUAGE_STANDARD = gnu99;
				GCC_DYNAMIC_NO_PIC = NO;
				GCC_NO_COMMON_BLOCKS = YES;
				GCC_OPTIMIZATION_LEVEL = 0;
				GCC_PREPROCESSOR_DEFINITIONS = (
					"DEBUG=1",
					"$(inherited)",
				);
				GCC_WARN_64_TO_32_BIT_CONVERSION = YES;
				GCC_WARN_ABOUT_RETURN_TYPE = YES_ERROR;
				GCC_WARN_UNDECLARED_SELECTOR = YES;
				GCC_WARN_UNINITIALIZED_AUTOS = YES_AGGRESSIVE;
				GCC_WARN_UNUSED_FUNCTION = YES;
				GCC_WARN_UNUSED_VARIABLE = YES;
				IPHONEOS_DEPLOYMENT_TARGET = 10.3;
				MTL_ENABLE_DEBUG_INFO = YES;
				ONLY_ACTIVE_ARCH = YES;
				SDKROOT = iphoneos;
				SWIFT_ACTIVE_COMPILATION_CONDITIONS = DEBUG;
				SWIFT_OPTIMIZATION_LEVEL = "-Onone";
				SWIFT_VERSION = 4.0;
				TARGETED_DEVICE_FAMILY = "1,2";
			};
			name = Debug;
		};
		F7FB6EF61EC8F8DA0086E576 /* Release */ = {
			isa = XCBuildConfiguration;
			buildSettings = {
				ALWAYS_SEARCH_USER_PATHS = NO;
				CLANG_ANALYZER_NONNULL = YES;
				CLANG_ANALYZER_NUMBER_OBJECT_CONVERSION = YES_AGGRESSIVE;
				CLANG_CXX_LANGUAGE_STANDARD = "gnu++0x";
				CLANG_CXX_LIBRARY = "libc++";
				CLANG_ENABLE_MODULES = YES;
				CLANG_ENABLE_OBJC_ARC = YES;
				CLANG_WARN_BLOCK_CAPTURE_AUTORELEASING = YES;
				CLANG_WARN_BOOL_CONVERSION = YES;
				CLANG_WARN_COMMA = YES;
				CLANG_WARN_CONSTANT_CONVERSION = YES;
				CLANG_WARN_DIRECT_OBJC_ISA_USAGE = YES_ERROR;
				CLANG_WARN_DOCUMENTATION_COMMENTS = YES;
				CLANG_WARN_EMPTY_BODY = YES;
				CLANG_WARN_ENUM_CONVERSION = YES;
				CLANG_WARN_INFINITE_RECURSION = YES;
				CLANG_WARN_INT_CONVERSION = YES;
				CLANG_WARN_NON_LITERAL_NULL_CONVERSION = YES;
				CLANG_WARN_OBJC_LITERAL_CONVERSION = YES;
				CLANG_WARN_OBJC_ROOT_CLASS = YES_ERROR;
				CLANG_WARN_RANGE_LOOP_ANALYSIS = YES;
				CLANG_WARN_STRICT_PROTOTYPES = YES;
				CLANG_WARN_SUSPICIOUS_MOVE = YES;
				CLANG_WARN_UNREACHABLE_CODE = YES;
				CLANG_WARN__DUPLICATE_METHOD_MATCH = YES;
				"CODE_SIGN_IDENTITY[sdk=iphoneos*]" = "iPhone Developer";
				COPY_PHASE_STRIP = NO;
				DEBUG_INFORMATION_FORMAT = "dwarf-with-dsym";
				ENABLE_NS_ASSERTIONS = NO;
				ENABLE_STRICT_OBJC_MSGSEND = YES;
				GCC_C_LANGUAGE_STANDARD = gnu99;
				GCC_NO_COMMON_BLOCKS = YES;
				GCC_WARN_64_TO_32_BIT_CONVERSION = YES;
				GCC_WARN_ABOUT_RETURN_TYPE = YES_ERROR;
				GCC_WARN_UNDECLARED_SELECTOR = YES;
				GCC_WARN_UNINITIALIZED_AUTOS = YES_AGGRESSIVE;
				GCC_WARN_UNUSED_FUNCTION = YES;
				GCC_WARN_UNUSED_VARIABLE = YES;
				IPHONEOS_DEPLOYMENT_TARGET = 10.3;
				MTL_ENABLE_DEBUG_INFO = NO;
				SDKROOT = iphoneos;
				SWIFT_OPTIMIZATION_LEVEL = "-Owholemodule";
				SWIFT_VERSION = 4.0;
				TARGETED_DEVICE_FAMILY = "1,2";
				VALIDATE_PRODUCT = YES;
			};
			name = Release;
		};
		F7FB6EF81EC8F8DA0086E576 /* Debug */ = {
			isa = XCBuildConfiguration;
			baseConfigurationReference = F5DDE4AC5ED0EFE5290114B3 /* Pods-mNoisi.debug.xcconfig */;
			buildSettings = {
				ASSETCATALOG_COMPILER_APPICON_NAME = AppIcon;
				CLANG_ENABLE_MODULES = YES;
				CODE_SIGN_ENTITLEMENTS = mNoisi/mNoisi.entitlements;
				CODE_SIGN_IDENTITY = "iPhone Developer";
				DEVELOPMENT_TEAM = BA96H9FD2B;
				INFOPLIST_FILE = mNoisi/Info.plist;
				IPHONEOS_DEPLOYMENT_TARGET = 10.0;
				LD_RUNPATH_SEARCH_PATHS = "$(inherited) @executable_path/Frameworks";
				PRODUCT_BUNDLE_IDENTIFIER = dev.mmd.relaxbreath;
				PRODUCT_NAME = "$(TARGET_NAME)";
				SWIFT_OBJC_BRIDGING_HEADER = "mNoisi/mNoisi-Bridging-Header.h";
				SWIFT_OPTIMIZATION_LEVEL = "-Onone";
				SWIFT_SWIFT3_OBJC_INFERENCE = On;
				SWIFT_VERSION = 3.0;
			};
			name = Debug;
		};
		F7FB6EF91EC8F8DA0086E576 /* Release */ = {
			isa = XCBuildConfiguration;
			baseConfigurationReference = C90F86AF6D27D3C5C7A4BAC5 /* Pods-mNoisi.release.xcconfig */;
			buildSettings = {
				ASSETCATALOG_COMPILER_APPICON_NAME = AppIcon;
				CLANG_ENABLE_MODULES = YES;
				CODE_SIGN_ENTITLEMENTS = mNoisi/mNoisi.entitlements;
				CODE_SIGN_IDENTITY = "iPhone Developer";
				DEVELOPMENT_TEAM = BA96H9FD2B;
				INFOPLIST_FILE = mNoisi/Info.plist;
				IPHONEOS_DEPLOYMENT_TARGET = 10.0;
				LD_RUNPATH_SEARCH_PATHS = "$(inherited) @executable_path/Frameworks";
				PRODUCT_BUNDLE_IDENTIFIER = dev.mmd.relaxbreath;
				PRODUCT_NAME = "$(TARGET_NAME)";
				SWIFT_OBJC_BRIDGING_HEADER = "mNoisi/mNoisi-Bridging-Header.h";
				SWIFT_SWIFT3_OBJC_INFERENCE = On;
				SWIFT_VERSION = 3.0;
			};
			name = Release;
		};
/* End XCBuildConfiguration section */

/* Begin XCConfigurationList section */
		F7FB6ECA1EC8F8DA0086E576 /* Build configuration list for PBXProject "mNoisi" */ = {
			isa = XCConfigurationList;
			buildConfigurations = (
				F7FB6EF51EC8F8DA0086E576 /* Debug */,
				F7FB6EF61EC8F8DA0086E576 /* Release */,
			);
			defaultConfigurationIsVisible = 0;
			defaultConfigurationName = Release;
		};
		F7FB6EF71EC8F8DA0086E576 /* Build configuration list for PBXNativeTarget "mNoisi" */ = {
			isa = XCConfigurationList;
			buildConfigurations = (
				F7FB6EF81EC8F8DA0086E576 /* Debug */,
				F7FB6EF91EC8F8DA0086E576 /* Release */,
			);
			defaultConfigurationIsVisible = 0;
			defaultConfigurationName = Release;
		};
/* End XCConfigurationList section */
	};
	rootObject = F7FB6EC71EC8F8DA0086E576 /* Project object */;
}
